
Microsoft Visual Studio Solution File, Format Version 12.00
# Visual Studio 2013
VisualStudioVersion = 12.0.40629.0
MinimumVisualStudioVersion = 10.0.40219.1
Project("{FAE04EC0-301F-11D3-BF4B-00C04F79EFBC}") = "grocery management", "grocery management\grocery management.csproj", "{C0AC9117-AEDA-486B-923C-F0E3CA9A62DC}"
EndProject
Global
	GlobalSection(SolutionConfigurationPlatforms) = preSolution
		Debug|Any CPU = Debug|Any CPU
		Release|Any CPU = Release|Any CPU
	EndGlobalSection
	GlobalSection(ProjectConfigurationPlatforms) = postSolution
		{C0AC9117-AEDA-486B-923C-F0E3CA9A62DC}.Debug|Any CPU.ActiveCfg = Debug|Any CPU
		{C0AC9117-AEDA-486B-923C-F0E3CA9A62DC}.Debug|Any CPU.Build.0 = Debug|Any CPU
		{C0AC9117-AEDA-486B-923C-F0E3CA9A62DC}.Debug|Any CPU.Deploy.0 = Debug|Any CPU
		{C0AC9117-AEDA-486B-923C-F0E3CA9A62DC}.Release|Any CPU.ActiveCfg = Release|Any CPU
		{C0AC9117-AEDA-486B-923C-F0E3CA9A62DC}.Release|Any CPU.Build.0 = Release|Any CPU
	EndGlobalSection
	GlobalSection(SolutionProperties) = preSolution
		HideSolutionNode = FALSE
	EndGlobalSection
EndGlobal
